config-version: 2
models:
- description: Creating tables
  materialized: table
  name: create_tables
  sql: models/create_tables_jinja_sql.sql
  tags:
  - my_tag
  vars:
    explode_references: 1
    filtering_ftl: 1
- description: Creating Orders Temp
  materialized: table
  name: oa_orders_temp
  sql: models/create_oa_orders_temp_jinja_sql.sql
  tags:
  - my_tag
  vars:
    explode_references: 1
    filtering_ftl: 1
- description: Creating Offers Temp
  materialized: table
  name: oa_offers_temp
  sql: models/create_oa_offers_temp_jinja_sql.sql
  tags:
  - my_tag
  vars:
    explode_references: 1
- description: Creating oa
  materialized: table
  name: oa
  sql: models/create_oa_jinja_sql.sql
  tags:
  - my_tag
  vars:
    filtering_ftl: 1
name: oa_tables
sources:
- delimiter: ','
  loader: csv
  name: offer_acceptance_offers
  path: C:\Users\Benson\Desktop\college\college_year_4\2022_fall\dsc180a\archive_temp\dbt_sample\data\raw\offer_acceptance_offers.csv
  schema: main
  table: offer_acceptance_offers
- delimiter: ','
  loader: csv
  name: offer_acceptance_orders
  path: C:\Users\Benson\Desktop\college\college_year_4\2022_fall\dsc180a\archive_temp\dbt_sample\data\raw\offer_acceptance_orders.csv
  schema: main
  table: offer_acceptance_orders
- delimiter: ','
  loader: csv
  name: zipcode_coordinates
  path: C:\Users\Benson\Desktop\college\college_year_4\2022_fall\dsc180a\archive_temp\dbt_sample\data\raw\zipcode_coordinates.csv
  schema: main
  table: zipcode_coordinates
version: 1.0.0
